
Microsoft Visual Studio Solution File, Format Version 12.00
# Visual Studio Version 17
VisualStudioVersion = 17.9.34607.119
MinimumVisualStudioVersion = 10.0.40219.1
Project("{FAE04EC0-301F-11D3-BF4B-00C04F79EFBC}") = "GestionaleHotel", "GestionaleHotel\GestionaleHotel.csproj", "{831DE744-CA9D-4367-A03E-FD6C8EBFE967}"
EndProject
Global
	GlobalSection(SolutionConfigurationPlatforms) = preSolution
		Debug|Any CPU = Debug|Any CPU
		Release|Any CPU = Release|Any CPU
	EndGlobalSection
	GlobalSection(ProjectConfigurationPlatforms) = postSolution
		{831DE744-CA9D-4367-A03E-FD6C8EBFE967}.Debug|Any CPU.ActiveCfg = Debug|Any CPU
		{831DE744-CA9D-4367-A03E-FD6C8EBFE967}.Debug|Any CPU.Build.0 = Debug|Any CPU
		{831DE744-CA9D-4367-A03E-FD6C8EBFE967}.Release|Any CPU.ActiveCfg = Release|Any CPU
		{831DE744-CA9D-4367-A03E-FD6C8EBFE967}.Release|Any CPU.Build.0 = Release|Any CPU
	EndGlobalSection
	GlobalSection(SolutionProperties) = preSolution
		HideSolutionNode = FALSE
	EndGlobalSection
	GlobalSection(ExtensibilityGlobals) = postSolution
		SolutionGuid = {FBD4D077-9E8A-48CB-8AB9-81013DC56FE9}
	EndGlobalSection
EndGlobal
